
Microsoft Visual Studio Solution File, Format Version 12.00
# Visual Studio Version 17
VisualStudioVersion = 17.9.34622.214
MinimumVisualStudioVersion = 10.0.40219.1
Project("{9A19103F-16F7-4668-BE54-9A1E7A4F7556}") = "ICS_SIS.DAL", "ICS_SIS.DAL\ICS_SIS.DAL.csproj", "{D9513AFB-DE89-4E78-B2C5-5FC42157C4EE}"
EndProject
Project("{9A19103F-16F7-4668-BE54-9A1E7A4F7556}") = "ICS_SIS.Common", "ICS_SIS.Common\ICS_SIS.Common.csproj", "{4768A3D2-84EE-4B0F-A734-09CA998DFC23}"
EndProject
Project("{2150E333-8FDC-42A3-9474-1A3956D46DE8}") = "Tests", "Tests", "{4ED3BE3D-0E39-4081-AA30-C4F569152478}"
EndProject
Project("{9A19103F-16F7-4668-BE54-9A1E7A4F7556}") = "ISC_SIS.Common.Tests", "ISC_SIS.Common.Tests\ISC_SIS.Common.Tests.csproj", "{0F8004F3-1ADC-49F6-8537-074BA8DD3086}"
EndProject
Project("{9A19103F-16F7-4668-BE54-9A1E7A4F7556}") = "ICS_SIS.DAL.Tests", "ICS_SIS.DAL.Tests\ICS_SIS.DAL.Tests.csproj", "{C2B797A6-8AB0-49C8-9BE3-48C997EEAB22}"
EndProject
Project("{9A19103F-16F7-4668-BE54-9A1E7A4F7556}") = "ICS_SIS.BL", "ICS_SIS.BL\ICS_SIS.BL.csproj", "{D05AE79F-4CF2-4B15-85E4-633D87145F89}"
EndProject
Project("{9A19103F-16F7-4668-BE54-9A1E7A4F7556}") = "ICS_SIS.BL.Tests", "ICS_SIS.BL.Tests\ICS_SIS.BL.Tests.csproj", "{BF88F8EE-5866-47DC-AB50-EC9BD85CD7B3}"
EndProject
Project("{FAE04EC0-301F-11D3-BF4B-00C04F79EFBC}") = "ICS_SIS.App", "ICS_SIS.App\ICS_SIS.App.csproj", "{1BDE5228-4135-441B-B425-203C9D9A42D6}"
EndProject
Global
	GlobalSection(SolutionConfigurationPlatforms) = preSolution
		Debug|Any CPU = Debug|Any CPU
		Release|Any CPU = Release|Any CPU
	EndGlobalSection
	GlobalSection(ProjectConfigurationPlatforms) = postSolution
		{D9513AFB-DE89-4E78-B2C5-5FC42157C4EE}.Debug|Any CPU.ActiveCfg = Debug|Any CPU
		{D9513AFB-DE89-4E78-B2C5-5FC42157C4EE}.Debug|Any CPU.Build.0 = Debug|Any CPU
		{D9513AFB-DE89-4E78-B2C5-5FC42157C4EE}.Release|Any CPU.ActiveCfg = Release|Any CPU
		{D9513AFB-DE89-4E78-B2C5-5FC42157C4EE}.Release|Any CPU.Build.0 = Release|Any CPU
		{4768A3D2-84EE-4B0F-A734-09CA998DFC23}.Debug|Any CPU.ActiveCfg = Debug|Any CPU
		{4768A3D2-84EE-4B0F-A734-09CA998DFC23}.Debug|Any CPU.Build.0 = Debug|Any CPU
		{4768A3D2-84EE-4B0F-A734-09CA998DFC23}.Release|Any CPU.ActiveCfg = Release|Any CPU
		{4768A3D2-84EE-4B0F-A734-09CA998DFC23}.Release|Any CPU.Build.0 = Release|Any CPU
		{0F8004F3-1ADC-49F6-8537-074BA8DD3086}.Debug|Any CPU.ActiveCfg = Debug|Any CPU
		{0F8004F3-1ADC-49F6-8537-074BA8DD3086}.Debug|Any CPU.Build.0 = Debug|Any CPU
		{0F8004F3-1ADC-49F6-8537-074BA8DD3086}.Release|Any CPU.ActiveCfg = Release|Any CPU
		{0F8004F3-1ADC-49F6-8537-074BA8DD3086}.Release|Any CPU.Build.0 = Release|Any CPU
		{C2B797A6-8AB0-49C8-9BE3-48C997EEAB22}.Debug|Any CPU.ActiveCfg = Debug|Any CPU
		{C2B797A6-8AB0-49C8-9BE3-48C997EEAB22}.Debug|Any CPU.Build.0 = Debug|Any CPU
		{C2B797A6-8AB0-49C8-9BE3-48C997EEAB22}.Release|Any CPU.ActiveCfg = Release|Any CPU
		{C2B797A6-8AB0-49C8-9BE3-48C997EEAB22}.Release|Any CPU.Build.0 = Release|Any CPU
		{D05AE79F-4CF2-4B15-85E4-633D87145F89}.Debug|Any CPU.ActiveCfg = Debug|Any CPU
		{D05AE79F-4CF2-4B15-85E4-633D87145F89}.Debug|Any CPU.Build.0 = Debug|Any CPU
		{D05AE79F-4CF2-4B15-85E4-633D87145F89}.Release|Any CPU.ActiveCfg = Release|Any CPU
		{D05AE79F-4CF2-4B15-85E4-633D87145F89}.Release|Any CPU.Build.0 = Release|Any CPU
		{BF88F8EE-5866-47DC-AB50-EC9BD85CD7B3}.Debug|Any CPU.ActiveCfg = Debug|Any CPU
		{BF88F8EE-5866-47DC-AB50-EC9BD85CD7B3}.Debug|Any CPU.Build.0 = Debug|Any CPU
		{BF88F8EE-5866-47DC-AB50-EC9BD85CD7B3}.Release|Any CPU.ActiveCfg = Release|Any CPU
		{BF88F8EE-5866-47DC-AB50-EC9BD85CD7B3}.Release|Any CPU.Build.0 = Release|Any CPU
		{1BDE5228-4135-441B-B425-203C9D9A42D6}.Debug|Any CPU.ActiveCfg = Debug|Any CPU
		{1BDE5228-4135-441B-B425-203C9D9A42D6}.Debug|Any CPU.Build.0 = Debug|Any CPU
		{1BDE5228-4135-441B-B425-203C9D9A42D6}.Debug|Any CPU.Deploy.0 = Debug|Any CPU
		{1BDE5228-4135-441B-B425-203C9D9A42D6}.Release|Any CPU.ActiveCfg = Release|Any CPU
		{1BDE5228-4135-441B-B425-203C9D9A42D6}.Release|Any CPU.Build.0 = Release|Any CPU
		{1BDE5228-4135-441B-B425-203C9D9A42D6}.Release|Any CPU.Deploy.0 = Release|Any CPU
	EndGlobalSection
	GlobalSection(SolutionProperties) = preSolution
		HideSolutionNode = FALSE
	EndGlobalSection
	GlobalSection(NestedProjects) = preSolution
		{0F8004F3-1ADC-49F6-8537-074BA8DD3086} = {4ED3BE3D-0E39-4081-AA30-C4F569152478}
		{C2B797A6-8AB0-49C8-9BE3-48C997EEAB22} = {4ED3BE3D-0E39-4081-AA30-C4F569152478}
		{BF88F8EE-5866-47DC-AB50-EC9BD85CD7B3} = {4ED3BE3D-0E39-4081-AA30-C4F569152478}
	EndGlobalSection
	GlobalSection(ExtensibilityGlobals) = postSolution
		SolutionGuid = {720C34BF-9693-4388-B112-3D7B05DD4A6E}
	EndGlobalSection
EndGlobal
